
Microsoft Visual Studio Solution File, Format Version 12.00
# Visual Studio 2012
Project("{2150E333-8FDC-42A3-9474-1A3956D46DE8}") = "Solution Items", "Solution Items", "{E79A87AA-9AFE-4941-A389-E300CFDBC41D}"
	ProjectSection(SolutionItems) = preProject
		Local.testsettings = Local.testsettings
		RosSharp.vsmdi = RosSharp.vsmdi
		TraceAndTestImpact.testsettings = TraceAndTestImpact.testsettings
	EndProjectSection
EndProject
Project("{2150E333-8FDC-42A3-9474-1A3956D46DE8}") = "Sample", "Sample", "{B02FD51D-88FD-4A11-9BFE-AF4F3719C802}"
EndProject
Project("{2150E333-8FDC-42A3-9474-1A3956D46DE8}") = "App", "App", "{57BD2B28-6427-4973-A179-C1841417F349}"
EndProject
Project("{2150E333-8FDC-42A3-9474-1A3956D46DE8}") = "Test", "Test", "{4599B248-B071-422A-B308-0A9EC1A1089A}"
EndProject
Project("{FAE04EC0-301F-11D3-BF4B-00C04F79EFBC}") = "RosSharp", "RosSharp\RosSharp.csproj", "{417B1A0A-5FF8-4423-9F62-FE61AA299239}"
EndProject
Project("{FAE04EC0-301F-11D3-BF4B-00C04F79EFBC}") = "Listener.Dev", "Sample\Listener\Listener.Dev.csproj", "{C26EE4A1-064B-47F1-B0BC-544DAAED7698}"
EndProject
Project("{FAE04EC0-301F-11D3-BF4B-00C04F79EFBC}") = "Talker.Dev", "Sample\Talker\Talker.Dev.csproj", "{572772C7-D172-497F-A428-D10141BBCA72}"
EndProject
Project("{FAE04EC0-301F-11D3-BF4B-00C04F79EFBC}") = "RosCore", "App\RosCore\RosCore.csproj", "{25D53A55-E534-4CCA-9358-A51971838437}"
EndProject
Project("{FAE04EC0-301F-11D3-BF4B-00C04F79EFBC}") = "AddTwoIntsServer.Dev", "Sample\AddTwoIntsServer\AddTwoIntsServer.Dev.csproj", "{553D2314-FDAA-4C06-A4D6-11B9D5F6225A}"
EndProject
Project("{FAE04EC0-301F-11D3-BF4B-00C04F79EFBC}") = "AddTwoIntsClient.Dev", "Sample\AddTwoIntsClient\AddTwoIntsClient.Dev.csproj", "{23DD82FC-DB6F-4214-9C95-DB9FA6B80336}"
EndProject
Project("{F2A71F9B-5D33-465A-A702-920D77279786}") = "GenMsg.Lib", "App\GenMsg.Lib\GenMsg.Lib.fsproj", "{13BD4894-20F5-428F-AD57-AFA5E733F832}"
EndProject
Project("{F2A71F9B-5D33-465A-A702-920D77279786}") = "GenMsg.Tests", "App\GenMsg.Tests\GenMsg.Tests.fsproj", "{37548AA3-9223-4DD3-BC46-9668518D7B87}"
EndProject
Project("{FAE04EC0-301F-11D3-BF4B-00C04F79EFBC}") = "ParameterClient.Dev", "Sample\ParameterClient\ParameterClient.Dev.csproj", "{31592B97-7CFB-4592-AF05-D689BA80BB19}"
EndProject
Project("{FAE04EC0-301F-11D3-BF4B-00C04F79EFBC}") = "GenMsg", "App\GenMsg\GenMsg.csproj", "{2FDE74DC-9A76-4B89-AEDC-B98871E74758}"
EndProject
Project("{FAE04EC0-301F-11D3-BF4B-00C04F79EFBC}") = "RosSharp.UnitTests", "Test\RosSharp.UnitTests\RosSharp.UnitTests.csproj", "{E9C21C7C-D36E-416A-81EB-5EE719ACFDA1}"
EndProject
Project("{FAE04EC0-301F-11D3-BF4B-00C04F79EFBC}") = "RosSharp.MemoryLeakTest", "Test\RosSharp.MemoryLeakTest\RosSharp.MemoryLeakTest.csproj", "{EB13E688-3F54-4954-8D3B-8642D4F738DC}"
EndProject
Project("{FAE04EC0-301F-11D3-BF4B-00C04F79EFBC}") = "RosSharp.IntegrationTests", "Test\RosSharp.IntegrationTests\RosSharp.IntegrationTests.csproj", "{C810FB6F-B9FD-4E03-8D12-96B35BF60975}"
EndProject
Global
	GlobalSection(TestCaseManagementSettings) = postSolution
		CategoryFile = RosSharp.vsmdi
	EndGlobalSection
	GlobalSection(SolutionConfigurationPlatforms) = preSolution
		Debug|Any CPU = Debug|Any CPU
		Debug|Mixed Platforms = Debug|Mixed Platforms
		Debug|x86 = Debug|x86
		Release|Any CPU = Release|Any CPU
		Release|Mixed Platforms = Release|Mixed Platforms
		Release|x86 = Release|x86
	EndGlobalSection
	GlobalSection(SolutionProperties) = preSolution
		HideSolutionNode = FALSE
	EndGlobalSection
	GlobalSection(NestedProjects) = preSolution
		{13BD4894-20F5-428F-AD57-AFA5E733F832} = {57BD2B28-6427-4973-A179-C1841417F349}
		{23DD82FC-DB6F-4214-9C95-DB9FA6B80336} = {B02FD51D-88FD-4A11-9BFE-AF4F3719C802}
		{25D53A55-E534-4CCA-9358-A51971838437} = {57BD2B28-6427-4973-A179-C1841417F349}
		{2FDE74DC-9A76-4B89-AEDC-B98871E74758} = {57BD2B28-6427-4973-A179-C1841417F349}
		{31592B97-7CFB-4592-AF05-D689BA80BB19} = {B02FD51D-88FD-4A11-9BFE-AF4F3719C802}
		{37548AA3-9223-4DD3-BC46-9668518D7B87} = {57BD2B28-6427-4973-A179-C1841417F349}
		{553D2314-FDAA-4C06-A4D6-11B9D5F6225A} = {B02FD51D-88FD-4A11-9BFE-AF4F3719C802}
		{572772C7-D172-497F-A428-D10141BBCA72} = {B02FD51D-88FD-4A11-9BFE-AF4F3719C802}
		{C26EE4A1-064B-47F1-B0BC-544DAAED7698} = {B02FD51D-88FD-4A11-9BFE-AF4F3719C802}
		{C810FB6F-B9FD-4E03-8D12-96B35BF60975} = {4599B248-B071-422A-B308-0A9EC1A1089A}
		{E9C21C7C-D36E-416A-81EB-5EE719ACFDA1} = {4599B248-B071-422A-B308-0A9EC1A1089A}
		{EB13E688-3F54-4954-8D3B-8642D4F738DC} = {4599B248-B071-422A-B308-0A9EC1A1089A}
	EndGlobalSection
EndGlobal
