
Microsoft Visual Studio Solution File, Format Version 12.00
# Visual Studio 2013
VisualStudioVersion = 12.0.31101.0
MinimumVisualStudioVersion = 10.0.40219.1
Project("{2150E333-8FDC-42A3-9474-1A3956D46DE8}") = "Solution Items", "Solution Items", "{E79A87AA-9AFE-4941-A389-E300CFDBC41D}"
	ProjectSection(SolutionItems) = preProject
		Local.testsettings = Local.testsettings
		RosSharp.vsmdi = RosSharp.vsmdi
		TraceAndTestImpact.testsettings = TraceAndTestImpact.testsettings
	EndProjectSection
EndProject
Project("{2150E333-8FDC-42A3-9474-1A3956D46DE8}") = "App", "App", "{57BD2B28-6427-4973-A179-C1841417F349}"
EndProject
Project("{2150E333-8FDC-42A3-9474-1A3956D46DE8}") = "Test", "Test", "{4599B248-B071-422A-B308-0A9EC1A1089A}"
EndProject
Project("{FAE04EC0-301F-11D3-BF4B-00C04F79EFBC}") = "RosSharp", "RosSharp\RosSharp.csproj", "{417B1A0A-5FF8-4423-9F62-FE61AA299239}"
EndProject
Project("{FAE04EC0-301F-11D3-BF4B-00C04F79EFBC}") = "RosCore", "App\RosCore\RosCore.csproj", "{25D53A55-E534-4CCA-9358-A51971838437}"
EndProject
Project("{FAE04EC0-301F-11D3-BF4B-00C04F79EFBC}") = "RosSharp.UnitTests", "Test\RosSharp.UnitTests\RosSharp.UnitTests.csproj", "{E9C21C7C-D36E-416A-81EB-5EE719ACFDA1}"
EndProject
Project("{FAE04EC0-301F-11D3-BF4B-00C04F79EFBC}") = "RosSharp.MemoryLeakTest", "Test\RosSharp.MemoryLeakTest\RosSharp.MemoryLeakTest.csproj", "{EB13E688-3F54-4954-8D3B-8642D4F738DC}"
EndProject
Project("{FAE04EC0-301F-11D3-BF4B-00C04F79EFBC}") = "RosSharp.IntegrationTests", "Test\RosSharp.IntegrationTests\RosSharp.IntegrationTests.csproj", "{C810FB6F-B9FD-4E03-8D12-96B35BF60975}"
EndProject
Project("{2150E333-8FDC-42A3-9474-1A3956D46DE8}") = ".nuget", ".nuget", "{04B52560-7965-4A30-8F53-A1F8BED6EAA2}"
	ProjectSection(SolutionItems) = preProject
		.nuget\NuGet.Config = .nuget\NuGet.Config
		.nuget\NuGet.exe = .nuget\NuGet.exe
	EndProjectSection
EndProject
Global
	GlobalSection(SolutionConfigurationPlatforms) = preSolution
		Debug|Any CPU = Debug|Any CPU
		Debug|Mixed Platforms = Debug|Mixed Platforms
		Debug|x86 = Debug|x86
		Release|Any CPU = Release|Any CPU
		Release|Mixed Platforms = Release|Mixed Platforms
		Release|x86 = Release|x86
	EndGlobalSection
	GlobalSection(ProjectConfigurationPlatforms) = postSolution
		{417B1A0A-5FF8-4423-9F62-FE61AA299239}.Debug|Any CPU.ActiveCfg = Debug|Any CPU
		{417B1A0A-5FF8-4423-9F62-FE61AA299239}.Debug|Any CPU.Build.0 = Debug|Any CPU
		{417B1A0A-5FF8-4423-9F62-FE61AA299239}.Debug|Mixed Platforms.ActiveCfg = Debug|Any CPU
		{417B1A0A-5FF8-4423-9F62-FE61AA299239}.Debug|Mixed Platforms.Build.0 = Debug|Any CPU
		{417B1A0A-5FF8-4423-9F62-FE61AA299239}.Debug|x86.ActiveCfg = Debug|Any CPU
		{417B1A0A-5FF8-4423-9F62-FE61AA299239}.Release|Any CPU.ActiveCfg = Release|Any CPU
		{417B1A0A-5FF8-4423-9F62-FE61AA299239}.Release|Any CPU.Build.0 = Release|Any CPU
		{417B1A0A-5FF8-4423-9F62-FE61AA299239}.Release|Mixed Platforms.ActiveCfg = Release|Any CPU
		{417B1A0A-5FF8-4423-9F62-FE61AA299239}.Release|Mixed Platforms.Build.0 = Release|Any CPU
		{417B1A0A-5FF8-4423-9F62-FE61AA299239}.Release|x86.ActiveCfg = Release|Any CPU
		{25D53A55-E534-4CCA-9358-A51971838437}.Debug|Any CPU.ActiveCfg = Debug|x86
		{25D53A55-E534-4CCA-9358-A51971838437}.Debug|Mixed Platforms.ActiveCfg = Debug|x86
		{25D53A55-E534-4CCA-9358-A51971838437}.Debug|Mixed Platforms.Build.0 = Debug|x86
		{25D53A55-E534-4CCA-9358-A51971838437}.Debug|x86.ActiveCfg = Debug|x86
		{25D53A55-E534-4CCA-9358-A51971838437}.Debug|x86.Build.0 = Debug|x86
		{25D53A55-E534-4CCA-9358-A51971838437}.Release|Any CPU.ActiveCfg = Release|x86
		{25D53A55-E534-4CCA-9358-A51971838437}.Release|Mixed Platforms.ActiveCfg = Release|x86
		{25D53A55-E534-4CCA-9358-A51971838437}.Release|Mixed Platforms.Build.0 = Release|x86
		{25D53A55-E534-4CCA-9358-A51971838437}.Release|x86.ActiveCfg = Release|x86
		{25D53A55-E534-4CCA-9358-A51971838437}.Release|x86.Build.0 = Release|x86
		{E9C21C7C-D36E-416A-81EB-5EE719ACFDA1}.Debug|Any CPU.ActiveCfg = Debug|Any CPU
		{E9C21C7C-D36E-416A-81EB-5EE719ACFDA1}.Debug|Any CPU.Build.0 = Debug|Any CPU
		{E9C21C7C-D36E-416A-81EB-5EE719ACFDA1}.Debug|Mixed Platforms.ActiveCfg = Debug|Any CPU
		{E9C21C7C-D36E-416A-81EB-5EE719ACFDA1}.Debug|Mixed Platforms.Build.0 = Debug|Any CPU
		{E9C21C7C-D36E-416A-81EB-5EE719ACFDA1}.Debug|x86.ActiveCfg = Debug|Any CPU
		{E9C21C7C-D36E-416A-81EB-5EE719ACFDA1}.Release|Any CPU.ActiveCfg = Release|Any CPU
		{E9C21C7C-D36E-416A-81EB-5EE719ACFDA1}.Release|Any CPU.Build.0 = Release|Any CPU
		{E9C21C7C-D36E-416A-81EB-5EE719ACFDA1}.Release|Mixed Platforms.ActiveCfg = Release|Any CPU
		{E9C21C7C-D36E-416A-81EB-5EE719ACFDA1}.Release|Mixed Platforms.Build.0 = Release|Any CPU
		{E9C21C7C-D36E-416A-81EB-5EE719ACFDA1}.Release|x86.ActiveCfg = Release|Any CPU
		{EB13E688-3F54-4954-8D3B-8642D4F738DC}.Debug|Any CPU.ActiveCfg = Debug|x86
		{EB13E688-3F54-4954-8D3B-8642D4F738DC}.Debug|Mixed Platforms.ActiveCfg = Debug|x86
		{EB13E688-3F54-4954-8D3B-8642D4F738DC}.Debug|Mixed Platforms.Build.0 = Debug|x86
		{EB13E688-3F54-4954-8D3B-8642D4F738DC}.Debug|x86.ActiveCfg = Debug|x86
		{EB13E688-3F54-4954-8D3B-8642D4F738DC}.Debug|x86.Build.0 = Debug|x86
		{EB13E688-3F54-4954-8D3B-8642D4F738DC}.Release|Any CPU.ActiveCfg = Release|x86
		{EB13E688-3F54-4954-8D3B-8642D4F738DC}.Release|Mixed Platforms.ActiveCfg = Release|x86
		{EB13E688-3F54-4954-8D3B-8642D4F738DC}.Release|Mixed Platforms.Build.0 = Release|x86
		{EB13E688-3F54-4954-8D3B-8642D4F738DC}.Release|x86.ActiveCfg = Release|x86
		{EB13E688-3F54-4954-8D3B-8642D4F738DC}.Release|x86.Build.0 = Release|x86
		{C810FB6F-B9FD-4E03-8D12-96B35BF60975}.Debug|Any CPU.ActiveCfg = Debug|Any CPU
		{C810FB6F-B9FD-4E03-8D12-96B35BF60975}.Debug|Any CPU.Build.0 = Debug|Any CPU
		{C810FB6F-B9FD-4E03-8D12-96B35BF60975}.Debug|Mixed Platforms.ActiveCfg = Debug|Any CPU
		{C810FB6F-B9FD-4E03-8D12-96B35BF60975}.Debug|Mixed Platforms.Build.0 = Debug|Any CPU
		{C810FB6F-B9FD-4E03-8D12-96B35BF60975}.Debug|x86.ActiveCfg = Debug|Any CPU
		{C810FB6F-B9FD-4E03-8D12-96B35BF60975}.Release|Any CPU.ActiveCfg = Release|Any CPU
		{C810FB6F-B9FD-4E03-8D12-96B35BF60975}.Release|Any CPU.Build.0 = Release|Any CPU
		{C810FB6F-B9FD-4E03-8D12-96B35BF60975}.Release|Mixed Platforms.ActiveCfg = Release|Any CPU
		{C810FB6F-B9FD-4E03-8D12-96B35BF60975}.Release|Mixed Platforms.Build.0 = Release|Any CPU
		{C810FB6F-B9FD-4E03-8D12-96B35BF60975}.Release|x86.ActiveCfg = Release|Any CPU
	EndGlobalSection
	GlobalSection(SolutionProperties) = preSolution
		HideSolutionNode = FALSE
	EndGlobalSection
	GlobalSection(NestedProjects) = preSolution
		{25D53A55-E534-4CCA-9358-A51971838437} = {57BD2B28-6427-4973-A179-C1841417F349}
		{E9C21C7C-D36E-416A-81EB-5EE719ACFDA1} = {4599B248-B071-422A-B308-0A9EC1A1089A}
		{EB13E688-3F54-4954-8D3B-8642D4F738DC} = {4599B248-B071-422A-B308-0A9EC1A1089A}
		{C810FB6F-B9FD-4E03-8D12-96B35BF60975} = {4599B248-B071-422A-B308-0A9EC1A1089A}
	EndGlobalSection
	GlobalSection(TestCaseManagementSettings) = postSolution
		CategoryFile = RosSharp.vsmdi
	EndGlobalSection
EndGlobal
